
Microsoft Visual Studio Solution File, Format Version 12.00
# Visual Studio 15
VisualStudioVersion = 15.0.28307.329
MinimumVisualStudioVersion = 10.0.40219.1
Project("{FAE04EC0-301F-11D3-BF4B-00C04F79EFBC}") = "Library", "Library\Library.csproj", "{F721D0F1-D47C-40E9-80AD-F3AA28822EFC}"
EndProject
Project("{FAE04EC0-301F-11D3-BF4B-00C04F79EFBC}") = "Library.Tests", "Library.Tests\Library.Tests.csproj", "{5BB9704C-4187-49D1-A3EB-935FFA62F12C}"
EndProject
Global
	GlobalSection(SolutionConfigurationPlatforms) = preSolution
		Debug|Any CPU = Debug|Any CPU
		Release|Any CPU = Release|Any CPU
	EndGlobalSection
	GlobalSection(ProjectConfigurationPlatforms) = postSolution
		{F721D0F1-D47C-40E9-80AD-F3AA28822EFC}.Debug|Any CPU.ActiveCfg = Debug|Any CPU
		{F721D0F1-D47C-40E9-80AD-F3AA28822EFC}.Debug|Any CPU.Build.0 = Debug|Any CPU
		{F721D0F1-D47C-40E9-80AD-F3AA28822EFC}.Release|Any CPU.ActiveCfg = Release|Any CPU
		{F721D0F1-D47C-40E9-80AD-F3AA28822EFC}.Release|Any CPU.Build.0 = Release|Any CPU
		{5BB9704C-4187-49D1-A3EB-935FFA62F12C}.Debug|Any CPU.ActiveCfg = Debug|Any CPU
		{5BB9704C-4187-49D1-A3EB-935FFA62F12C}.Debug|Any CPU.Build.0 = Debug|Any CPU
		{5BB9704C-4187-49D1-A3EB-935FFA62F12C}.Release|Any CPU.ActiveCfg = Release|Any CPU
		{5BB9704C-4187-49D1-A3EB-935FFA62F12C}.Release|Any CPU.Build.0 = Release|Any CPU
	EndGlobalSection
	GlobalSection(SolutionProperties) = preSolution
		HideSolutionNode = FALSE
	EndGlobalSection
	GlobalSection(ExtensibilityGlobals) = postSolution
		SolutionGuid = {500F7455-1B1B-4250-8110-BB2921219F36}
	EndGlobalSection
EndGlobal
